
Microsoft Visual Studio Solution File, Format Version 12.00
# Visual Studio 15
VisualStudioVersion = 15.0.26730.16
MinimumVisualStudioVersion = 10.0.40219.1
Project("{2150E333-8FDC-42A3-9474-1A3956D46DE8}") = "Libraries", "Libraries", "{A1E9B399-0FA6-48EE-AD40-0945E8C1234E}"
EndProject
Project("{FAE04EC0-301F-11D3-BF4B-00C04F79EFBC}") = "Core", "Libraries\Core\Core\Core.csproj", "{54C1AED9-30BC-42B4-8938-6AE3CD994FBE}"
EndProject
Project("{FAE04EC0-301F-11D3-BF4B-00C04F79EFBC}") = "Services", "Libraries\Services\Services\Services.csproj", "{71163132-7196-475B-927C-231076C1CBC0}"
EndProject
Project("{FAE04EC0-301F-11D3-BF4B-00C04F79EFBC}") = "AlFanar", "AlFanar\AlFanar\AlFanar.csproj", "{2659253F-CE6A-4C0B-B2A7-15A37B9AED1C}"
EndProject
Global
	GlobalSection(SolutionConfigurationPlatforms) = preSolution
		Debug|Any CPU = Debug|Any CPU
		Release|Any CPU = Release|Any CPU
	EndGlobalSection
	GlobalSection(ProjectConfigurationPlatforms) = postSolution
		{54C1AED9-30BC-42B4-8938-6AE3CD994FBE}.Debug|Any CPU.ActiveCfg = Debug|Any CPU
		{54C1AED9-30BC-42B4-8938-6AE3CD994FBE}.Debug|Any CPU.Build.0 = Debug|Any CPU
		{54C1AED9-30BC-42B4-8938-6AE3CD994FBE}.Release|Any CPU.ActiveCfg = Release|Any CPU
		{54C1AED9-30BC-42B4-8938-6AE3CD994FBE}.Release|Any CPU.Build.0 = Release|Any CPU
		{71163132-7196-475B-927C-231076C1CBC0}.Debug|Any CPU.ActiveCfg = Debug|Any CPU
		{71163132-7196-475B-927C-231076C1CBC0}.Debug|Any CPU.Build.0 = Debug|Any CPU
		{71163132-7196-475B-927C-231076C1CBC0}.Release|Any CPU.ActiveCfg = Release|Any CPU
		{71163132-7196-475B-927C-231076C1CBC0}.Release|Any CPU.Build.0 = Release|Any CPU
		{2659253F-CE6A-4C0B-B2A7-15A37B9AED1C}.Debug|Any CPU.ActiveCfg = Debug|Any CPU
		{2659253F-CE6A-4C0B-B2A7-15A37B9AED1C}.Debug|Any CPU.Build.0 = Debug|Any CPU
		{2659253F-CE6A-4C0B-B2A7-15A37B9AED1C}.Release|Any CPU.ActiveCfg = Release|Any CPU
		{2659253F-CE6A-4C0B-B2A7-15A37B9AED1C}.Release|Any CPU.Build.0 = Release|Any CPU
	EndGlobalSection
	GlobalSection(SolutionProperties) = preSolution
		HideSolutionNode = FALSE
	EndGlobalSection
	GlobalSection(NestedProjects) = preSolution
		{54C1AED9-30BC-42B4-8938-6AE3CD994FBE} = {A1E9B399-0FA6-48EE-AD40-0945E8C1234E}
		{71163132-7196-475B-927C-231076C1CBC0} = {A1E9B399-0FA6-48EE-AD40-0945E8C1234E}
	EndGlobalSection
	GlobalSection(ExtensibilityGlobals) = postSolution
		SolutionGuid = {0FA83733-97C6-421B-A988-B2D62FE05626}
	EndGlobalSection
EndGlobal
